{
  "originHash" : "182db11c87d1734fe53a6366b674339f70901a93290bd85def29b63e25e34c43",
  "pins" : [
    {
      "identity" : "realm-core",
      "kind" : "remoteSourceControl",
      "location" : "https://github.com/realm/realm-core.git",
      "state" : {
        "revision" : "dea51e1e9b2219689cf27b44a0206135b984f9cf",
        "version" : "14.11.1"
      }
    },
    {
      "identity" : "realm-swift",
      "kind" : "remoteSourceControl",
      "location" : "https://github.com/realm/realm-swift.git",
      "state" : {
        "branch" : "master",
        "revision" : "95c99a826aa06dae3ca40011491afd5acf890ad5"
      }
    }
  ],
  "version" : 3
}
